version = 1
revision = 3
requires-python = ">=3.10, <3.12"
resolution-markers = [
    "python_full_version >= '3.11'",
    "python_full_version < '3.11'",
]

[[package]]
name = "annotated-types"
version = "0.7.0"
source = { registry = "https://pypi.org/simple" }
sdist = { url = "https://files.pythonhosted.org/packages/ee/67/531ea369ba64dcff5ec9c3402f9f51bf748cec26dde048a2f973a4eea7f5/annotated_types-0.7.0.tar.gz", hash = "sha256:aff07c09a53a08bc8cfccb9c85b05f1aa9a2a6f23728d790723543408344ce89", size = 16081, upload-time = "2024-05-20T21:33:25.928Z" }
wheels = [
    { url = "https://files.pythonhosted.org/packages/78/b6/6307fbef88d9b5ee7421e68d78a9f162e0da4900bc5f5793f6d3d0e34fb8/annotated_types-0.7.0-py3-none-any.whl", hash = "sha256:1f02e8b43a8fbbc3f3e0d4f0f4bfc8131bcb4eebe8849b8e5c773f3a1c582a53", size = 13643, upload-time = "2024-05-20T21:33:24.1Z" },
]

[[package]]
name = "audio-generation"
version = "0.1.0"
source = { editable = "." }
dependencies = [
    { name = "onnxruntime" },
    { name = "piper-tts" },
    { name = "pydantic" },
    { name = "pydub" },
    { name = "tqdm" },
]

[package.dev-dependencies]
dev = [
    { name = "pyright" },
    { name = "ruff" },
]

[package.metadata]
requires-dist = [
    { name = "onnxruntime", specifier = "~=1.19" },
    { name = "piper-tts", specifier = "~=1.3.0" },
    { name = "pydantic", specifier = "~=2.9" },
    { name = "pydub", specifier = "~=0.25" },
    { name = "tqdm", specifier = "~=4.66" },
]

[package.metadata.requires-dev]
dev = [
    { name = "pyright", specifier = "~=1.1.0" },
    { name = "ruff", specifier = "~=0.14.0" },
]

[[package]]
name = "colorama"
version = "0.4.6"
source = { registry = "https://pypi.org/simple" }
sdist = { url = "https://files.pythonhosted.org/packages/d8/53/6f443c9a4a8358a93a6792e2acffb9d9d5cb0a5cfd8802644b7b1c9a02e4/colorama-0.4.6.tar.gz", hash = "sha256:08695f5cb7ed6e0531a20572697297273c47b8cae5a63ffc6d6ed5c201be6e44", size = 27697, upload-time = "2022-10-25T02:36:22.414Z" }
wheels = [
    { url = "https://files.pythonhosted.org/packages/d1/d6/3965ed04c63042e047cb6a3e6ed1a63a35087b6a609aa3a15ed8ac56c221/colorama-0.4.6-py2.py3-none-any.whl", hash = "sha256:4f1d9991f5acc0ca119f9d443620b77f9d6b33703e51011c16baf57afb285fc6", size = 25335, upload-time = "2022-10-25T02:36:20.889Z" },
]

[[package]]
name = "coloredlogs"
version = "15.0.1"
source = { registry = "https://pypi.org/simple" }
dependencies = [
    { name = "humanfriendly" },
]
sdist = { url = "https://files.pythonhosted.org/packages/cc/c7/eed8f27100517e8c0e6b923d5f0845d0cb99763da6fdee00478f91db7325/coloredlogs-15.0.1.tar.gz", hash = "sha256:7c991aa71a4577af2f82600d8f8f3a89f936baeaf9b50a9c197da014e5bf16b0", size = 278520, upload-time = "2021-06-11T10:22:45.202Z" }
wheels = [
    { url = "https://files.pythonhosted.org/packages/a7/06/3d6badcf13db419e25b07041d9c7b4a2c331d3f4e7134445ec5df57714cd/coloredlogs-15.0.1-py2.py3-none-any.whl", hash = "sha256:612ee75c546f53e92e70049c9dbfcc18c935a2b9a53b66085ce9ef6a6e5c0934", size = 46018, upload-time = "2021-06-11T10:22:42.561Z" },
]

[[package]]
name = "flatbuffers"
version = "25.9.23"
source = { registry = "https://pypi.org/simple" }
sdist = { url = "https://files.pythonhosted.org/packages/9d/1f/3ee70b0a55137442038f2a33469cc5fddd7e0ad2abf83d7497c18a2b6923/flatbuffers-25.9.23.tar.gz", hash = "sha256:676f9fa62750bb50cf531b42a0a2a118ad8f7f797a511eda12881c016f093b12", size = 22067, upload-time = "2025-09-24T05:25:30.106Z" }
wheels = [
    { url = "https://files.pythonhosted.org/packages/ee/1b/00a78aa2e8fbd63f9af08c9c19e6deb3d5d66b4dda677a0f61654680ee89/flatbuffers-25.9.23-py2.py3-none-any.whl", hash = "sha256:255538574d6cb6d0a79a17ec8bc0d30985913b87513a01cce8bcdb6b4c44d0e2", size = 30869, upload-time = "2025-09-24T05:25:28.912Z" },
]

[[package]]
name = "humanfriendly"
version = "10.0"
source = { registry = "https://pypi.org/simple" }
dependencies = [
    { name = "pyreadline3", marker = "sys_platform == 'win32'" },
]
sdist = { url = "https://files.pythonhosted.org/packages/cc/3f/2c29224acb2e2df4d2046e4c73ee2662023c58ff5b113c4c1adac0886c43/humanfriendly-10.0.tar.gz", hash = "sha256:6b0b831ce8f15f7300721aa49829fc4e83921a9a301cc7f606be6686a2288ddc", size = 360702, upload-time = "2021-09-17T21:40:43.31Z" }
wheels = [
    { url = "https://files.pythonhosted.org/packages/f0/0f/310fb31e39e2d734ccaa2c0fb981ee41f7bd5056ce9bc29b2248bd569169/humanfriendly-10.0-py2.py3-none-any.whl", hash = "sha256:1697e1a8a8f550fd43c2865cd84542fc175a61dcb779b6fee18cf6b6ccba1477", size = 86794, upload-time = "2021-09-17T21:40:39.897Z" },
]

[[package]]
name = "mpmath"
version = "1.3.0"
source = { registry = "https://pypi.org/simple" }
sdist = { url = "https://files.pythonhosted.org/packages/e0/47/dd32fa426cc72114383ac549964eecb20ecfd886d1e5ccf5340b55b02f57/mpmath-1.3.0.tar.gz", hash = "sha256:7a28eb2a9774d00c7bc92411c19a89209d5da7c4c9a9e227be8330a23a25b91f", size = 508106, upload-time = "2023-03-07T16:47:11.061Z" }
wheels = [
    { url = "https://files.pythonhosted.org/packages/43/e3/7d92a15f894aa0c9c4b49b8ee9ac9850d6e63b03c9c32c0367a13ae62209/mpmath-1.3.0-py3-none-any.whl", hash = "sha256:a0b2b9fe80bbcd81a6647ff13108738cfb482d481d826cc0e02f5b35e5c88d2c", size = 536198, upload-time = "2023-03-07T16:47:09.197Z" },
]

[[package]]
name = "nodeenv"
version = "1.9.1"
source = { registry = "https://pypi.org/simple" }
sdist = { url = "https://files.pythonhosted.org/packages/43/16/fc88b08840de0e0a72a2f9d8c6bae36be573e475a6326ae854bcc549fc45/nodeenv-1.9.1.tar.gz", hash = "sha256:6ec12890a2dab7946721edbfbcd91f3319c6ccc9aec47be7c7e6b7011ee6645f", size = 47437, upload-time = "2024-06-04T18:44:11.171Z" }
wheels = [
    { url = "https://files.pythonhosted.org/packages/d2/1d/1b658dbd2b9fa9c4c9f32accbfc0205d532c8c6194dc0f2a4c0428e7128a/nodeenv-1.9.1-py2.py3-none-any.whl", hash = "sha256:ba11c9782d29c27c70ffbdda2d7415098754709be8a7056d79a737cd901155c9", size = 22314, upload-time = "2024-06-04T18:44:08.352Z" },
]

[[package]]
name = "numpy"
version = "1.25.2"
source = { registry = "https://pypi.org/simple" }
sdist = { url = "https://files.pythonhosted.org/packages/a0/41/8f53eff8e969dd8576ddfb45e7ed315407d27c7518ae49418be8ed532b07/numpy-1.25.2.tar.gz", hash = "sha256:fd608e19c8d7c55021dffd43bfe5492fab8cc105cc8986f813f8c3c048b38760", size = 10805282, upload-time = "2023-07-31T15:17:43.198Z" }
wheels = [
    { url = "https://files.pythonhosted.org/packages/d5/50/8aedb5ff1460e7c8527af15c6326115009e7c270ec705487155b779ebabb/numpy-1.25.2-cp310-cp310-macosx_10_9_x86_64.whl", hash = "sha256:db3ccc4e37a6873045580d413fe79b68e47a681af8db2e046f1dacfa11f86eb3", size = 20814934, upload-time = "2023-07-31T14:50:49.761Z" },
    { url = "https://files.pythonhosted.org/packages/c3/ea/1d95b399078ecaa7b5d791e1fdbb3aee272077d9fd5fb499593c87dec5ea/numpy-1.25.2-cp310-cp310-macosx_11_0_arm64.whl", hash = "sha256:90319e4f002795ccfc9050110bbbaa16c944b1c37c0baeea43c5fb881693ae1f", size = 13994425, upload-time = "2023-07-31T14:51:12.312Z" },
    { url = "https://files.pythonhosted.org/packages/b1/39/3f88e2bfac1fb510c112dc0c78a1e7cad8f3a2d75e714d1484a044c56682/numpy-1.25.2-cp310-cp310-manylinux_2_17_aarch64.manylinux2014_aarch64.whl", hash = "sha256:dfe4a913e29b418d096e696ddd422d8a5d13ffba4ea91f9f60440a3b759b0187", size = 14167163, upload-time = "2023-07-31T14:51:34.507Z" },
    { url = "https://files.pythonhosted.org/packages/71/3c/3b1981c6a1986adc9ee7db760c0c34ea5b14ac3da9ecfcf1ea2a4ec6c398/numpy-1.25.2-cp310-cp310-manylinux_2_17_x86_64.manylinux2014_x86_64.whl", hash = "sha256:f08f2e037bba04e707eebf4bc934f1972a315c883a9e0ebfa8a7756eabf9e357", size = 18219190, upload-time = "2023-07-31T14:52:07.478Z" },
    { url = "https://files.pythonhosted.org/packages/73/6f/2a0d0ad31a588d303178d494787f921c246c6234eccced236866bc1beaa5/numpy-1.25.2-cp310-cp310-musllinux_1_1_x86_64.whl", hash = "sha256:bec1e7213c7cb00d67093247f8c4db156fd03075f49876957dca4711306d39c9", size = 18068385, upload-time = "2023-07-31T14:52:35.891Z" },
    { url = "https://files.pythonhosted.org/packages/63/bd/a1c256cdea5d99e2f7e1acc44fc287455420caeb2e97d43ff0dda908fae8/numpy-1.25.2-cp310-cp310-win32.whl", hash = "sha256:7dc869c0c75988e1c693d0e2d5b26034644399dd929bc049db55395b1379e044", size = 12661360, upload-time = "2023-07-31T14:52:56.694Z" },
    { url = "https://files.pythonhosted.org/packages/b7/db/4d37359e2c9cf8bf071c08b8a6f7374648a5ab2e76e2e22e3b808f81d507/numpy-1.25.2-cp310-cp310-win_amd64.whl", hash = "sha256:834b386f2b8210dca38c71a6e0f4fd6922f7d3fcff935dbe3a570945acb1b545", size = 15554633, upload-time = "2023-07-31T14:53:21.013Z" },
    { url = "https://files.pythonhosted.org/packages/c9/57/3cb8131a0e6d559501e088d3e685f4122e9ff9104c4b63e4dfd3a577b491/numpy-1.25.2-cp311-cp311-macosx_10_9_x86_64.whl", hash = "sha256:c5462d19336db4560041517dbb7759c21d181a67cb01b36ca109b2ae37d32418", size = 20801693, upload-time = "2023-07-31T14:53:53.29Z" },
    { url = "https://files.pythonhosted.org/packages/86/a1/b8ef999c32f26a97b5f714887e21f96c12ae99a38583a0a96e65283ac0a1/numpy-1.25.2-cp311-cp311-macosx_11_0_arm64.whl", hash = "sha256:c5652ea24d33585ea39eb6a6a15dac87a1206a692719ff45d53c5282e66d4a8f", size = 14004130, upload-time = "2023-07-31T14:54:16.413Z" },
    { url = "https://files.pythonhosted.org/packages/50/67/3e966d99a07d60a21a21d7ec016e9e4c2642a86fea251ec68677daf71d4d/numpy-1.25.2-cp311-cp311-manylinux_2_17_aarch64.manylinux2014_aarch64.whl", hash = "sha256:0d60fbae8e0019865fc4784745814cff1c421df5afee233db6d88ab4f14655a2", size = 14158219, upload-time = "2023-07-31T14:54:39.032Z" },
    { url = "https://files.pythonhosted.org/packages/32/6a/65dbc57a89078af9ff8bfcd4c0761a50172d90192eaeb1b6f56e5fbf1c3d/numpy-1.25.2-cp311-cp311-manylinux_2_17_x86_64.manylinux2014_x86_64.whl", hash = "sha256:60e7f0f7f6d0eee8364b9a6304c2845b9c491ac706048c7e8cf47b83123b8dbf", size = 18209344, upload-time = "2023-07-31T14:55:08.584Z" },
    { url = "https://files.pythonhosted.org/packages/cd/fe/e900cb2ebafae04b7570081cefc65b6fdd9e202b9b353572506cea5cafdf/numpy-1.25.2-cp311-cp311-musllinux_1_1_x86_64.whl", hash = "sha256:bb33d5a1cf360304754913a350edda36d5b8c5331a8237268c48f91253c3a364", size = 18072378, upload-time = "2023-07-31T14:55:39.551Z" },
    { url = "https://files.pythonhosted.org/packages/5c/e4/990c6cb09f2cd1a3f53bcc4e489dad903faa01b058b625d84bb62d2e9391/numpy-1.25.2-cp311-cp311-win32.whl", hash = "sha256:5883c06bb92f2e6c8181df7b39971a5fb436288db58b5a1c3967702d4278691d", size = 12654351, upload-time = "2023-07-31T14:56:10.623Z" },
    { url = "https://files.pythonhosted.org/packages/72/b2/02770e60c4e2f7e158d923ab0dea4e9f146a2dbf267fec6d8dc61d475689/numpy-1.25.2-cp311-cp311-win_amd64.whl", hash = "sha256:5c97325a0ba6f9d041feb9390924614b60b99209a71a69c876f71052521d42a4", size = 15546748, upload-time = "2023-07-31T14:57:13.015Z" },
]

[[package]]
name = "onnxruntime"
version = "1.19.2"
source = { registry = "https://pypi.org/simple" }
dependencies = [
    { name = "coloredlogs" },
    { name = "flatbuffers" },
    { name = "numpy" },
    { name = "packaging" },
    { name = "protobuf" },
    { name = "sympy" },
]
wheels = [
    { url = "https://files.pythonhosted.org/packages/39/18/272d3d7406909141d3c9943796e3e97cafa53f4342d9231c0cfd8cb05702/onnxruntime-1.19.2-cp310-cp310-macosx_11_0_universal2.whl", hash = "sha256:84fa57369c06cadd3c2a538ae2a26d76d583e7c34bdecd5769d71ca5c0fc750e", size = 16776408, upload-time = "2024-09-04T06:37:02.431Z" },
    { url = "https://files.pythonhosted.org/packages/d8/d3/eb93f4ae511cfc725d0c69e07008800f8ac018de19ea1e497b306f174ccc/onnxruntime-1.19.2-cp310-cp310-manylinux_2_27_aarch64.manylinux_2_28_aarch64.whl", hash = "sha256:bdc471a66df0c1cdef774accef69e9f2ca168c851ab5e4f2f3341512c7ef4666", size = 11491779, upload-time = "2024-09-04T06:37:06.203Z" },
    { url = "https://files.pythonhosted.org/packages/ca/4b/ce5958074abe4b6e8d1da9c10e443e01a681558a9ec17e5cc7619438e094/onnxruntime-1.19.2-cp310-cp310-manylinux_2_27_x86_64.manylinux_2_28_x86_64.whl", hash = "sha256:e3a4ce906105d99ebbe817f536d50a91ed8a4d1592553f49b3c23c4be2560ae6", size = 13170428, upload-time = "2024-09-04T06:37:09.032Z" },
    { url = "https://files.pythonhosted.org/packages/ce/0f/6df82dfe02467d12adbaa05c2bd17519c29c7df531ed600231f0c741ad22/onnxruntime-1.19.2-cp310-cp310-win32.whl", hash = "sha256:4b3d723cc154c8ddeb9f6d0a8c0d6243774c6b5930847cc83170bfe4678fafb3", size = 9591305, upload-time = "2024-09-04T06:37:11.482Z" },
    { url = "https://files.pythonhosted.org/packages/3c/d8/68b63dc86b502169d017a86fe8bc718f4b0055ef1f6895bfaddd04f2eead/onnxruntime-1.19.2-cp310-cp310-win_amd64.whl", hash = "sha256:17ed7382d2c58d4b7354fb2b301ff30b9bf308a1c7eac9546449cd122d21cae5", size = 11084902, upload-time = "2024-09-04T06:37:14.647Z" },
    { url = "https://files.pythonhosted.org/packages/f0/ff/77bee5df55f034ee81d2e1bc58b2b8511b9c54f06ce6566cb562c5d95aa5/onnxruntime-1.19.2-cp311-cp311-macosx_11_0_universal2.whl", hash = "sha256:d863e8acdc7232d705d49e41087e10b274c42f09e259016a46f32c34e06dc4fd", size = 16779187, upload-time = "2024-09-04T06:37:18.245Z" },
    { url = "https://files.pythonhosted.org/packages/f3/78/e29f5fb76e0f6524f3520e8e5b9d53282784b45d14068c5112db9f712b0a/onnxruntime-1.19.2-cp311-cp311-manylinux_2_27_aarch64.manylinux_2_28_aarch64.whl", hash = "sha256:c1dfe4f660a71b31caa81fc298a25f9612815215a47b286236e61d540350d7b6", size = 11496005, upload-time = "2024-09-04T06:37:20.998Z" },
    { url = "https://files.pythonhosted.org/packages/60/ce/be4152da5c1030ab5a159a4a792ed9abad6ba498d79ef0aeba593ff7b5bf/onnxruntime-1.19.2-cp311-cp311-manylinux_2_27_x86_64.manylinux_2_28_x86_64.whl", hash = "sha256:a36511dc07c5c964b916697e42e366fa43c48cdb3d3503578d78cef30417cb84", size = 13167809, upload-time = "2024-09-04T06:37:24.221Z" },
    { url = "https://files.pythonhosted.org/packages/e1/00/9740a074eb0e0a21ff13a2c4f32aecc5b21110b2c9b9177d8ac132b66e2d/onnxruntime-1.19.2-cp311-cp311-win32.whl", hash = "sha256:50cbb8dc69d6befad4746a69760e5b00cc3ff0a59c6c3fb27f8afa20e2cab7e7", size = 9591445, upload-time = "2024-09-04T06:37:26.766Z" },
    { url = "https://files.pythonhosted.org/packages/1e/f5/9d995a685f97508b3254f17015b4a78641b0625e79480a7aed7a7a105d7c/onnxruntime-1.19.2-cp311-cp311-win_amd64.whl", hash = "sha256:1c3e5d415b78337fa0b1b75291e9ea9fb2a4c1f148eb5811e7212fed02cfffa8", size = 11085695, upload-time = "2024-09-04T06:37:29.473Z" },
]

[[package]]
name = "packaging"
version = "25.0"
source = { registry = "https://pypi.org/simple" }
sdist = { url = "https://files.pythonhosted.org/packages/a1/d4/1fc4078c65507b51b96ca8f8c3ba19e6a61c8253c72794544580a7b6c24d/packaging-25.0.tar.gz", hash = "sha256:d443872c98d677bf60f6a1f2f8c1cb748e8fe762d2bf9d3148b5599295b0fc4f", size = 165727, upload-time = "2025-04-19T11:48:59.673Z" }
wheels = [
    { url = "https://files.pythonhosted.org/packages/20/12/38679034af332785aac8774540895e234f4d07f7545804097de4b666afd8/packaging-25.0-py3-none-any.whl", hash = "sha256:29572ef2b1f17581046b3a2227d5c611fb25ec70ca1ba8554b24b0e69331a484", size = 66469, upload-time = "2025-04-19T11:48:57.875Z" },
]

[[package]]
name = "piper-tts"
version = "1.3.0"
source = { registry = "https://pypi.org/simple" }
dependencies = [
    { name = "onnxruntime" },
]
wheels = [
    { url = "https://files.pythonhosted.org/packages/9b/c0/d9b5f64869274be3ebc6dc483f13791a3c6ebbc0e37fad4e237a76d5365b/piper_tts-1.3.0-cp39-abi3-macosx_10_9_x86_64.whl", hash = "sha256:0af0c90aeddf762555ed940de1ac576acbefb3623e6d5ca4fb1a70359ee7e65d", size = 13819597, upload-time = "2025-07-10T21:07:22.893Z" },
    { url = "https://files.pythonhosted.org/packages/5b/17/6a059c0a45e582fadd4545ed092294fd0add7c679f6c09440af5cd2678b5/piper_tts-1.3.0-cp39-abi3-macosx_11_0_arm64.whl", hash = "sha256:810c91a084d335d32b42928b1ef69d6480cf7e3a5a8b15eff98edd2ef55f2791", size = 13828403, upload-time = "2025-07-10T21:07:25.386Z" },
    { url = "https://files.pythonhosted.org/packages/8c/92/f37e5111440fc6c6336f42f8dab88afaa545394784dc930f808a68883c48/piper_tts-1.3.0-cp39-abi3-manylinux_2_17_aarch64.manylinux2014_aarch64.manylinux_2_28_aarch64.whl", hash = "sha256:8d39f85c3f4b6ade512976849579344fc72595ec613f374dbcf8521716398907", size = 13836863, upload-time = "2025-07-10T21:07:27.616Z" },
    { url = "https://files.pythonhosted.org/packages/2b/73/3d29175cfd93e791baaef3335819778d3f8c8898e2fe16cd0cc8b8163f84/piper_tts-1.3.0-cp39-abi3-manylinux_2_17_x86_64.manylinux2014_x86_64.manylinux_2_28_x86_64.whl", hash = "sha256:234c25474655b26f3418b84522c815c43e9b1bc8a1fdb13c2b28514290c165f0", size = 13836748, upload-time = "2025-07-10T21:07:29.912Z" },
    { url = "https://files.pythonhosted.org/packages/10/a5/d782d469fc19db9bf19f1725d4a6ef77d2413515b61f5017340688f5d093/piper_tts-1.3.0-cp39-abi3-win_amd64.whl", hash = "sha256:dc6b5be4e15f3c0f4a6067b515bc6202ddf3e2b0c6cbd6c8bdeccab2453c89c7", size = 13826773, upload-time = "2025-07-10T21:07:31.95Z" },
]

[[package]]
name = "protobuf"
version = "6.33.1"
source = { registry = "https://pypi.org/simple" }
sdist = { url = "https://files.pythonhosted.org/packages/0a/03/a1440979a3f74f16cab3b75b0da1a1a7f922d56a8ddea96092391998edc0/protobuf-6.33.1.tar.gz", hash = "sha256:97f65757e8d09870de6fd973aeddb92f85435607235d20b2dfed93405d00c85b", size = 443432, upload-time = "2025-11-13T16:44:18.895Z" }
wheels = [
    { url = "https://files.pythonhosted.org/packages/06/f1/446a9bbd2c60772ca36556bac8bfde40eceb28d9cc7838755bc41e001d8f/protobuf-6.33.1-cp310-abi3-win32.whl", hash = "sha256:f8d3fdbc966aaab1d05046d0240dd94d40f2a8c62856d41eaa141ff64a79de6b", size = 425593, upload-time = "2025-11-13T16:44:06.275Z" },
    { url = "https://files.pythonhosted.org/packages/a6/79/8780a378c650e3df849b73de8b13cf5412f521ca2ff9b78a45c247029440/protobuf-6.33.1-cp310-abi3-win_amd64.whl", hash = "sha256:923aa6d27a92bf44394f6abf7ea0500f38769d4b07f4be41cb52bd8b1123b9ed", size = 436883, upload-time = "2025-11-13T16:44:09.222Z" },
    { url = "https://files.pythonhosted.org/packages/cd/93/26213ff72b103ae55bb0d73e7fb91ea570ef407c3ab4fd2f1f27cac16044/protobuf-6.33.1-cp39-abi3-macosx_10_9_universal2.whl", hash = "sha256:fe34575f2bdde76ac429ec7b570235bf0c788883e70aee90068e9981806f2490", size = 427522, upload-time = "2025-11-13T16:44:10.475Z" },
    { url = "https://files.pythonhosted.org/packages/c2/32/df4a35247923393aa6b887c3b3244a8c941c32a25681775f96e2b418f90e/protobuf-6.33.1-cp39-abi3-manylinux2014_aarch64.whl", hash = "sha256:f8adba2e44cde2d7618996b3fc02341f03f5bc3f2748be72dc7b063319276178", size = 324445, upload-time = "2025-11-13T16:44:11.869Z" },
    { url = "https://files.pythonhosted.org/packages/8e/d0/d796e419e2ec93d2f3fa44888861c3f88f722cde02b7c3488fcc6a166820/protobuf-6.33.1-cp39-abi3-manylinux2014_s390x.whl", hash = "sha256:0f4cf01222c0d959c2b399142deb526de420be8236f22c71356e2a544e153c53", size = 339161, upload-time = "2025-11-13T16:44:12.778Z" },
    { url = "https://files.pythonhosted.org/packages/1d/2a/3c5f05a4af06649547027d288747f68525755de692a26a7720dced3652c0/protobuf-6.33.1-cp39-abi3-manylinux2014_x86_64.whl", hash = "sha256:8fd7d5e0eb08cd5b87fd3df49bc193f5cfd778701f47e11d127d0afc6c39f1d1", size = 323171, upload-time = "2025-11-13T16:44:14.035Z" },
    { url = "https://files.pythonhosted.org/packages/08/b4/46310463b4f6ceef310f8348786f3cff181cea671578e3d9743ba61a459e/protobuf-6.33.1-py3-none-any.whl", hash = "sha256:d595a9fd694fdeb061a62fbe10eb039cc1e444df81ec9bb70c7fc59ebcb1eafa", size = 170477, upload-time = "2025-11-13T16:44:17.633Z" },
]

[[package]]
name = "pydantic"
version = "2.9.0"
source = { registry = "https://pypi.org/simple" }
dependencies = [
    { name = "annotated-types" },
    { name = "pydantic-core" },
    { name = "typing-extensions" },
    { name = "tzdata" },
]
sdist = { url = "https://files.pythonhosted.org/packages/f6/8f/3b9f7a38caa3fa0bcb3cea7ee9958e89a9a6efc0e6f51fd6096f24cac140/pydantic-2.9.0.tar.gz", hash = "sha256:c7a8a9fdf7d100afa49647eae340e2d23efa382466a8d177efcd1381e9be5598", size = 768298, upload-time = "2024-09-05T16:23:49.719Z" }
wheels = [
    { url = "https://files.pythonhosted.org/packages/54/38/95bdb5dfcebad2c11c88f7aa2d635fe53a0b7405ef39a6850c8bced455d4/pydantic-2.9.0-py3-none-any.whl", hash = "sha256:f66a7073abd93214a20c5f7b32d56843137a7a2e70d02111f3be287035c45370", size = 434325, upload-time = "2024-09-05T16:23:47.683Z" },
]

[[package]]
name = "pydantic-core"
version = "2.23.2"
source = { registry = "https://pypi.org/simple" }
dependencies = [
    { name = "typing-extensions" },
]
sdist = { url = "https://files.pythonhosted.org/packages/5f/03/54e4961dfaed4804fea0ad73e94d337f4ef88a635e73990d6e150b469594/pydantic_core-2.23.2.tar.gz", hash = "sha256:95d6bf449a1ac81de562d65d180af5d8c19672793c81877a2eda8fde5d08f2fd", size = 401901, upload-time = "2024-09-05T15:20:21.616Z" }
wheels = [
    { url = "https://files.pythonhosted.org/packages/32/3b/cf2605095ebf48dff52463b269dfccdb4a225b430d9b3c0c11a7ca094dab/pydantic_core-2.23.2-cp310-cp310-macosx_10_12_x86_64.whl", hash = "sha256:7d0324a35ab436c9d768753cbc3c47a865a2cbc0757066cb864747baa61f6ece", size = 1846549, upload-time = "2024-09-05T15:17:30.863Z" },
    { url = "https://files.pythonhosted.org/packages/05/d2/b5c65bcf82537957686959339d1d4440bdf2b71ff0dbee46bf1f6de43841/pydantic_core-2.23.2-cp310-cp310-macosx_11_0_arm64.whl", hash = "sha256:276ae78153a94b664e700ac362587c73b84399bd1145e135287513442e7dfbc7", size = 1790171, upload-time = "2024-09-05T15:17:33.371Z" },
    { url = "https://files.pythonhosted.org/packages/aa/f9/a0b2d02aa618ea55140d77c72d8a69c036d1f14f8d2e95760fd653e1f75a/pydantic_core-2.23.2-cp310-cp310-manylinux_2_17_aarch64.manylinux2014_aarch64.whl", hash = "sha256:964c7aa318da542cdcc60d4a648377ffe1a2ef0eb1e996026c7f74507b720a78", size = 1789391, upload-time = "2024-09-05T15:17:35.447Z" },
    { url = "https://files.pythonhosted.org/packages/c9/6a/f5a8b2a1f869fff2fcd41cf37f0ce611004a1ece335427a31867707bb25e/pydantic_core-2.23.2-cp310-cp310-manylinux_2_17_armv7l.manylinux2014_armv7l.whl", hash = "sha256:1cf842265a3a820ebc6388b963ead065f5ce8f2068ac4e1c713ef77a67b71f7c", size = 1781839, upload-time = "2024-09-05T15:17:37.273Z" },
    { url = "https://files.pythonhosted.org/packages/17/d2/76af5e05a9ccad46a139366f53cb2dbaf237b7389bfdb7d7fd0c36eedaf4/pydantic_core-2.23.2-cp310-cp310-manylinux_2_17_ppc64le.manylinux2014_ppc64le.whl", hash = "sha256:ae90b9e50fe1bd115b24785e962b51130340408156d34d67b5f8f3fa6540938e", size = 1978248, upload-time = "2024-09-05T15:17:38.613Z" },
    { url = "https://files.pythonhosted.org/packages/57/67/af3fa1cf5ef6288dbac450bfd264372651ae0bf6d683aebf3cb0fafa3a51/pydantic_core-2.23.2-cp310-cp310-manylinux_2_17_s390x.manylinux2014_s390x.whl", hash = "sha256:8ae65fdfb8a841556b52935dfd4c3f79132dc5253b12c0061b96415208f4d622", size = 2708429, upload-time = "2024-09-05T15:17:40.214Z" },
    { url = "https://files.pythonhosted.org/packages/90/60/ce282e9f8cf383c73c1b3234835b1aa6e518aa947b162c4e86c2dcffd281/pydantic_core-2.23.2-cp310-cp310-manylinux_2_17_x86_64.manylinux2014_x86_64.whl", hash = "sha256:5c8aa40f6ca803f95b1c1c5aeaee6237b9e879e4dfb46ad713229a63651a95fb", size = 2069487, upload-time = "2024-09-05T15:17:42.116Z" },
    { url = "https://files.pythonhosted.org/packages/6f/81/d93a2ca9418f610341339bc2c68d705be21d902f71f8ba2af6801f584751/pydantic_core-2.23.2-cp310-cp310-manylinux_2_5_i686.manylinux1_i686.whl", hash = "sha256:c53100c8ee5a1e102766abde2158077d8c374bee0639201f11d3032e3555dfbc", size = 1899917, upload-time = "2024-09-05T15:17:43.955Z" },
    { url = "https://files.pythonhosted.org/packages/20/a5/720d0cebf34da0b26d184c71642b21facb3c18302e9e410fb17f3d66956f/pydantic_core-2.23.2-cp310-cp310-musllinux_1_1_aarch64.whl", hash = "sha256:d6b9dd6aa03c812017411734e496c44fef29b43dba1e3dd1fa7361bbacfc1354", size = 1966236, upload-time = "2024-09-05T15:17:46.492Z" },
    { url = "https://files.pythonhosted.org/packages/0c/5a/91f67eaeccb061b22bd01e65ef8dda9d35953020605a7f07b884c1969ab8/pydantic_core-2.23.2-cp310-cp310-musllinux_1_1_x86_64.whl", hash = "sha256:b18cf68255a476b927910c6873d9ed00da692bb293c5b10b282bd48a0afe3ae2", size = 2111250, upload-time = "2024-09-05T15:17:48.031Z" },
    { url = "https://files.pythonhosted.org/packages/f9/ff/b4bb13a7ec2666a73c936a7675001a3f032f35189711bb51ee38c0756a70/pydantic_core-2.23.2-cp310-none-win32.whl", hash = "sha256:e460475719721d59cd54a350c1f71c797c763212c836bf48585478c5514d2854", size = 1716854, upload-time = "2024-09-05T15:17:50.062Z" },
    { url = "https://files.pythonhosted.org/packages/02/23/9740be7f352ed3e29e9173758ad9c1471a344b54b8e38b8abae4174219ab/pydantic_core-2.23.2-cp310-none-win_amd64.whl", hash = "sha256:5f3cf3721eaf8741cffaf092487f1ca80831202ce91672776b02b875580e174a", size = 1917044, upload-time = "2024-09-05T15:17:51.379Z" },
    { url = "https://files.pythonhosted.org/packages/06/22/ab062eefe57579e186c1aad47d1064bf9f710717c8b35817daa94617c1f6/pydantic_core-2.23.2-cp311-cp311-macosx_10_12_x86_64.whl", hash = "sha256:7ce8e26b86a91e305858e018afc7a6e932f17428b1eaa60154bd1f7ee888b5f8", size = 1844143, upload-time = "2024-09-05T15:17:52.793Z" },
    { url = "https://files.pythonhosted.org/packages/20/0e/f8cee28755de3cd50ba92e1daf06aac32ec949ecb072afcb49d61221d146/pydantic_core-2.23.2-cp311-cp311-macosx_11_0_arm64.whl", hash = "sha256:7e9b24cca4037a561422bf5dc52b38d390fb61f7bfff64053ce1b72f6938e6b2", size = 1787515, upload-time = "2024-09-05T15:17:54.139Z" },
    { url = "https://files.pythonhosted.org/packages/c0/e2/8b93dffd8ebca299924bfe119896179be965c9dada4fcc81bb63bb49dad0/pydantic_core-2.23.2-cp311-cp311-manylinux_2_17_aarch64.manylinux2014_aarch64.whl", hash = "sha256:753294d42fb072aa1775bfe1a2ba1012427376718fa4c72de52005a3d2a22178", size = 1788263, upload-time = "2024-09-05T15:17:55.503Z" },
    { url = "https://files.pythonhosted.org/packages/38/05/3a7e8682baddd5e06d9f54dadd67e2d66b8f71f79f5b46ec466fd8d110e4/pydantic_core-2.23.2-cp311-cp311-manylinux_2_17_armv7l.manylinux2014_armv7l.whl", hash = "sha256:257d6a410a0d8aeb50b4283dea39bb79b14303e0fab0f2b9d617701331ed1515", size = 1780740, upload-time = "2024-09-05T15:17:57.059Z" },
    { url = "https://files.pythonhosted.org/packages/d2/f0/8dbf5b3a78e2dbe0b4ed8e0ac1e0de53cd8bae82800b634680c8e69a3837/pydantic_core-2.23.2-cp311-cp311-manylinux_2_17_ppc64le.manylinux2014_ppc64le.whl", hash = "sha256:c8319e0bd6a7b45ad76166cc3d5d6a36c97d0c82a196f478c3ee5346566eebfd", size = 1976823, upload-time = "2024-09-05T15:17:58.901Z" },
    { url = "https://files.pythonhosted.org/packages/80/d2/5f3a40c0786bcc9b5bd16c2d5157dde2cf4dd7cf1c5827d82c78b935c1d3/pydantic_core-2.23.2-cp311-cp311-manylinux_2_17_s390x.manylinux2014_s390x.whl", hash = "sha256:7a05c0240f6c711eb381ac392de987ee974fa9336071fb697768dfdb151345ce", size = 2706812, upload-time = "2024-09-05T15:18:01.298Z" },
    { url = "https://files.pythonhosted.org/packages/9b/df/d58a06e2dec5abd54167537edee959d2f8f795c44f028a205c7de47c49fe/pydantic_core-2.23.2-cp311-cp311-manylinux_2_17_x86_64.manylinux2014_x86_64.whl", hash = "sha256:8d5b0ff3218858859910295df6953d7bafac3a48d5cd18f4e3ed9999efd2245f", size = 2069873, upload-time = "2024-09-05T15:18:03.266Z" },
    { url = "https://files.pythonhosted.org/packages/db/32/71f1042a1ebfa5bb74a9d0242ff1c79dba04d0080d69f7d49e96b1a72163/pydantic_core-2.23.2-cp311-cp311-manylinux_2_5_i686.manylinux1_i686.whl", hash = "sha256:96ef39add33ff58cd4c112cbac076726b96b98bb8f1e7f7595288dcfb2f10b57", size = 1898755, upload-time = "2024-09-05T15:18:04.631Z" },
    { url = "https://files.pythonhosted.org/packages/61/42/7323144ec46a6141d13ee0536eda7bcde1d7c1ba0d1a551d49967dde278a/pydantic_core-2.23.2-cp311-cp311-musllinux_1_1_aarch64.whl", hash = "sha256:0102e49ac7d2df3379ef8d658d3bc59d3d769b0bdb17da189b75efa861fc07b4", size = 1964385, upload-time = "2024-09-05T15:18:06.007Z" },
    { url = "https://files.pythonhosted.org/packages/ba/a7/8a6be2bc6e01c35a19755b100be8eaa279981e9db3fdd95afe06d4e82b87/pydantic_core-2.23.2-cp311-cp311-musllinux_1_1_x86_64.whl", hash = "sha256:a6612c2a844043e4d10a8324c54cdff0042c558eef30bd705770793d70b224aa", size = 2110118, upload-time = "2024-09-05T15:18:07.52Z" },
    { url = "https://files.pythonhosted.org/packages/eb/6a/2885057cebaf4fe2810bb730734c5b6a4578842b6cec094852fea8513275/pydantic_core-2.23.2-cp311-none-win32.whl", hash = "sha256:caffda619099cfd4f63d48462f6aadbecee3ad9603b4b88b60cb821c1b258576", size = 1715354, upload-time = "2024-09-05T15:18:09.363Z" },
    { url = "https://files.pythonhosted.org/packages/f3/57/d798c53c9a115fe89f118a6b2b27d21e888eb22d4b53828344ce68035431/pydantic_core-2.23.2-cp311-none-win_amd64.whl", hash = "sha256:6f80fba4af0cb1d2344869d56430e304a51396b70d46b91a55ed4959993c0589", size = 1916403, upload-time = "2024-09-05T15:18:10.876Z" },
    { url = "https://files.pythonhosted.org/packages/33/e8/11e094b026a7c8b9289cd8b7e90eb9d6ce76a774ee67fde7300d1becbe3f/pydantic_core-2.23.2-pp310-pypy310_pp73-macosx_10_12_x86_64.whl", hash = "sha256:e758d271ed0286d146cf7c04c539a5169a888dd0b57026be621547e756af55bc", size = 1835254, upload-time = "2024-09-05T15:19:46.53Z" },
    { url = "https://files.pythonhosted.org/packages/82/59/8eef255a6c8df7656a8bf2845d3b59ee3fe118f07db20d9166d4ff27e823/pydantic_core-2.23.2-pp310-pypy310_pp73-macosx_11_0_arm64.whl", hash = "sha256:f477d26183e94eaafc60b983ab25af2a809a1b48ce4debb57b343f671b7a90b6", size = 1721793, upload-time = "2024-09-05T15:19:48.479Z" },
    { url = "https://files.pythonhosted.org/packages/50/8b/83a0234b40d882fdbe3b37f34646f94b748ba05b7c68a189643fd263c5de/pydantic_core-2.23.2-pp310-pypy310_pp73-manylinux_2_17_aarch64.manylinux2014_aarch64.whl", hash = "sha256:da3131ef2b940b99106f29dfbc30d9505643f766704e14c5d5e504e6a480c35e", size = 1782806, upload-time = "2024-09-05T15:19:50.374Z" },
    { url = "https://files.pythonhosted.org/packages/6f/33/9fc6fabe81331ae7cb049228e8477b039fc0cdabf88ee20925ce9d08f595/pydantic_core-2.23.2-pp310-pypy310_pp73-manylinux_2_17_x86_64.manylinux2014_x86_64.whl", hash = "sha256:329a721253c7e4cbd7aad4a377745fbcc0607f9d72a3cc2102dd40519be75ed2", size = 1930852, upload-time = "2024-09-05T15:19:52.416Z" },
    { url = "https://files.pythonhosted.org/packages/49/3d/9ee7397d46f9ad27769642fc85ad9027651619932897d68d617911250bab/pydantic_core-2.23.2-pp310-pypy310_pp73-manylinux_2_5_i686.manylinux1_i686.whl", hash = "sha256:7706e15cdbf42f8fab1e6425247dfa98f4a6f8c63746c995d6a2017f78e619ae", size = 1894400, upload-time = "2024-09-05T15:19:54.564Z" },
    { url = "https://files.pythonhosted.org/packages/7e/9b/daebf4e83e465f099d5ab34382b83c2d9a61025ef928d810e9ad651bea69/pydantic_core-2.23.2-pp310-pypy310_pp73-musllinux_1_1_aarch64.whl", hash = "sha256:e64ffaf8f6e17ca15eb48344d86a7a741454526f3a3fa56bc493ad9d7ec63936", size = 1958993, upload-time = "2024-09-05T15:19:57.035Z" },
    { url = "https://files.pythonhosted.org/packages/3c/dc/27968c6096ece1d8fcf235da6af6d5b4d0c7a1ae3c0aef0aa2b9319e96b5/pydantic_core-2.23.2-pp310-pypy310_pp73-musllinux_1_1_x86_64.whl", hash = "sha256:dd59638025160056687d598b054b64a79183f8065eae0d3f5ca523cde9943940", size = 2102383, upload-time = "2024-09-05T15:19:59.729Z" },
    { url = "https://files.pythonhosted.org/packages/1e/7d/6e3a460d47dc95cb9b7337cddf90c3b431f348556711aabe633ba576808d/pydantic_core-2.23.2-pp310-pypy310_pp73-win_amd64.whl", hash = "sha256:12625e69b1199e94b0ae1c9a95d000484ce9f0182f9965a26572f054b1537e44", size = 1917629, upload-time = "2024-09-05T15:20:01.777Z" },
]

[[package]]
name = "pydub"
version = "0.25.1"
source = { registry = "https://pypi.org/simple" }
sdist = { url = "https://files.pythonhosted.org/packages/fe/9a/e6bca0eed82db26562c73b5076539a4a08d3cffd19c3cc5913a3e61145fd/pydub-0.25.1.tar.gz", hash = "sha256:980a33ce9949cab2a569606b65674d748ecbca4f0796887fd6f46173a7b0d30f", size = 38326, upload-time = "2021-03-10T02:09:54.659Z" }
wheels = [
    { url = "https://files.pythonhosted.org/packages/a6/53/d78dc063216e62fc55f6b2eebb447f6a4b0a59f55c8406376f76bf959b08/pydub-0.25.1-py2.py3-none-any.whl", hash = "sha256:65617e33033874b59d87db603aa1ed450633288aefead953b30bded59cb599a6", size = 32327, upload-time = "2021-03-10T02:09:53.503Z" },
]

[[package]]
name = "pyreadline3"
version = "3.5.4"
source = { registry = "https://pypi.org/simple" }
sdist = { url = "https://files.pythonhosted.org/packages/0f/49/4cea918a08f02817aabae639e3d0ac046fef9f9180518a3ad394e22da148/pyreadline3-3.5.4.tar.gz", hash = "sha256:8d57d53039a1c75adba8e50dd3d992b28143480816187ea5efbd5c78e6c885b7", size = 99839, upload-time = "2024-09-19T02:40:10.062Z" }
wheels = [
    { url = "https://files.pythonhosted.org/packages/5a/dc/491b7661614ab97483abf2056be1deee4dc2490ecbf7bff9ab5cdbac86e1/pyreadline3-3.5.4-py3-none-any.whl", hash = "sha256:eaf8e6cc3c49bcccf145fc6067ba8643d1df34d604a1ec0eccbf7a18e6d3fae6", size = 83178, upload-time = "2024-09-19T02:40:08.598Z" },
]

[[package]]
name = "pyright"
version = "1.1.380"
source = { registry = "https://pypi.org/simple" }
dependencies = [
    { name = "nodeenv" },
]
sdist = { url = "https://files.pythonhosted.org/packages/fa/bc/3bb71d02125dae6730d64bb32571c0eda5e5d86483b198b7f6dd82c49c6f/pyright-1.1.380.tar.gz", hash = "sha256:e6ceb1a5f7e9f03106e0aa1d6fbb4d97735a5e7ffb59f3de6b2db590baf935b2", size = 17487, upload-time = "2024-09-11T08:03:21.15Z" }
wheels = [
    { url = "https://files.pythonhosted.org/packages/c9/fc/527c58a3b66d5a16dbb124e1c40cf9f207147f5a36f224fb29eb786a0763/pyright-1.1.380-py3-none-any.whl", hash = "sha256:a6404392053d8848bacc7aebcbd9d318bb46baf1a1a000359305481920f43879", size = 18219, upload-time = "2024-09-11T08:03:19.964Z" },
]

[[package]]
name = "ruff"
version = "0.14.0"
source = { registry = "https://pypi.org/simple" }
sdist = { url = "https://files.pythonhosted.org/packages/41/b9/9bd84453ed6dd04688de9b3f3a4146a1698e8faae2ceeccce4e14c67ae17/ruff-0.14.0.tar.gz", hash = "sha256:62ec8969b7510f77945df916de15da55311fade8d6050995ff7f680afe582c57", size = 5452071, upload-time = "2025-10-07T18:21:55.763Z" }
wheels = [
    { url = "https://files.pythonhosted.org/packages/3a/4e/79d463a5f80654e93fa653ebfb98e0becc3f0e7cf6219c9ddedf1e197072/ruff-0.14.0-py3-none-linux_armv6l.whl", hash = "sha256:58e15bffa7054299becf4bab8a1187062c6f8cafbe9f6e39e0d5aface455d6b3", size = 12494532, upload-time = "2025-10-07T18:21:00.373Z" },
    { url = "https://files.pythonhosted.org/packages/ee/40/e2392f445ed8e02aa6105d49db4bfff01957379064c30f4811c3bf38aece/ruff-0.14.0-py3-none-macosx_10_12_x86_64.whl", hash = "sha256:838d1b065f4df676b7c9957992f2304e41ead7a50a568185efd404297d5701e8", size = 13160768, upload-time = "2025-10-07T18:21:04.73Z" },
    { url = "https://files.pythonhosted.org/packages/75/da/2a656ea7c6b9bd14c7209918268dd40e1e6cea65f4bb9880eaaa43b055cd/ruff-0.14.0-py3-none-macosx_11_0_arm64.whl", hash = "sha256:703799d059ba50f745605b04638fa7e9682cc3da084b2092feee63500ff3d9b8", size = 12363376, upload-time = "2025-10-07T18:21:07.833Z" },
    { url = "https://files.pythonhosted.org/packages/42/e2/1ffef5a1875add82416ff388fcb7ea8b22a53be67a638487937aea81af27/ruff-0.14.0-py3-none-manylinux_2_17_aarch64.manylinux2014_aarch64.whl", hash = "sha256:3ba9a8925e90f861502f7d974cc60e18ca29c72bb0ee8bfeabb6ade35a3abde7", size = 12608055, upload-time = "2025-10-07T18:21:10.72Z" },
    { url = "https://files.pythonhosted.org/packages/4a/32/986725199d7cee510d9f1dfdf95bf1efc5fa9dd714d0d85c1fb1f6be3bc3/ruff-0.14.0-py3-none-manylinux_2_17_armv7l.manylinux2014_armv7l.whl", hash = "sha256:e41f785498bd200ffc276eb9e1570c019c1d907b07cfb081092c8ad51975bbe7", size = 12318544, upload-time = "2025-10-07T18:21:13.741Z" },
    { url = "https://files.pythonhosted.org/packages/9a/ed/4969cefd53315164c94eaf4da7cfba1f267dc275b0abdd593d11c90829a3/ruff-0.14.0-py3-none-manylinux_2_17_i686.manylinux2014_i686.whl", hash = "sha256:30a58c087aef4584c193aebf2700f0fbcfc1e77b89c7385e3139956fa90434e2", size = 14001280, upload-time = "2025-10-07T18:21:16.411Z" },
    { url = "https://files.pythonhosted.org/packages/ab/ad/96c1fc9f8854c37681c9613d825925c7f24ca1acfc62a4eb3896b50bacd2/ruff-0.14.0-py3-none-manylinux_2_17_ppc64.manylinux2014_ppc64.whl", hash = "sha256:f8d07350bc7af0a5ce8812b7d5c1a7293cf02476752f23fdfc500d24b79b783c", size = 15027286, upload-time = "2025-10-07T18:21:19.577Z" },
    { url = "https://files.pythonhosted.org/packages/b3/00/1426978f97df4fe331074baf69615f579dc4e7c37bb4c6f57c2aad80c87f/ruff-0.14.0-py3-none-manylinux_2_17_ppc64le.manylinux2014_ppc64le.whl", hash = "sha256:eec3bbbf3a7d5482b5c1f42d5fc972774d71d107d447919fca620b0be3e3b75e", size = 14451506, upload-time = "2025-10-07T18:21:22.779Z" },
    { url = "https://files.pythonhosted.org/packages/58/d5/9c1cea6e493c0cf0647674cca26b579ea9d2a213b74b5c195fbeb9678e15/ruff-0.14.0-py3-none-manylinux_2_17_s390x.manylinux2014_s390x.whl", hash = "sha256:16b68e183a0e28e5c176d51004aaa40559e8f90065a10a559176713fcf435206", size = 13437384, upload-time = "2025-10-07T18:21:25.758Z" },
    { url = "https://files.pythonhosted.org/packages/29/b4/4cd6a4331e999fc05d9d77729c95503f99eae3ba1160469f2b64866964e3/ruff-0.14.0-py3-none-manylinux_2_17_x86_64.manylinux2014_x86_64.whl", hash = "sha256:eb732d17db2e945cfcbbc52af0143eda1da36ca8ae25083dd4f66f1542fdf82e", size = 13447976, upload-time = "2025-10-07T18:21:28.83Z" },
    { url = "https://files.pythonhosted.org/packages/3b/c0/ac42f546d07e4f49f62332576cb845d45c67cf5610d1851254e341d563b6/ruff-0.14.0-py3-none-manylinux_2_31_riscv64.whl", hash = "sha256:c958f66ab884b7873e72df38dcabee03d556a8f2ee1b8538ee1c2bbd619883dd", size = 13682850, upload-time = "2025-10-07T18:21:31.842Z" },
    { url = "https://files.pythonhosted.org/packages/5f/c4/4b0c9bcadd45b4c29fe1af9c5d1dc0ca87b4021665dfbe1c4688d407aa20/ruff-0.14.0-py3-none-musllinux_1_2_aarch64.whl", hash = "sha256:7eb0499a2e01f6e0c285afc5bac43ab380cbfc17cd43a2e1dd10ec97d6f2c42d", size = 12449825, upload-time = "2025-10-07T18:21:35.074Z" },
    { url = "https://files.pythonhosted.org/packages/4b/a8/e2e76288e6c16540fa820d148d83e55f15e994d852485f221b9524514730/ruff-0.14.0-py3-none-musllinux_1_2_armv7l.whl", hash = "sha256:4c63b2d99fafa05efca0ab198fd48fa6030d57e4423df3f18e03aa62518c565f", size = 12272599, upload-time = "2025-10-07T18:21:38.08Z" },
    { url = "https://files.pythonhosted.org/packages/18/14/e2815d8eff847391af632b22422b8207704222ff575dec8d044f9ab779b2/ruff-0.14.0-py3-none-musllinux_1_2_i686.whl", hash = "sha256:668fce701b7a222f3f5327f86909db2bbe99c30877c8001ff934c5413812ac02", size = 13193828, upload-time = "2025-10-07T18:21:41.216Z" },
    { url = "https://files.pythonhosted.org/packages/44/c6/61ccc2987cf0aecc588ff8f3212dea64840770e60d78f5606cd7dc34de32/ruff-0.14.0-py3-none-musllinux_1_2_x86_64.whl", hash = "sha256:a86bf575e05cb68dcb34e4c7dfe1064d44d3f0c04bbc0491949092192b515296", size = 13628617, upload-time = "2025-10-07T18:21:44.04Z" },
    { url = "https://files.pythonhosted.org/packages/73/e6/03b882225a1b0627e75339b420883dc3c90707a8917d2284abef7a58d317/ruff-0.14.0-py3-none-win32.whl", hash = "sha256:7450a243d7125d1c032cb4b93d9625dea46c8c42b4f06c6b709baac168e10543", size = 12367872, upload-time = "2025-10-07T18:21:46.67Z" },
    { url = "https://files.pythonhosted.org/packages/41/77/56cf9cf01ea0bfcc662de72540812e5ba8e9563f33ef3d37ab2174892c47/ruff-0.14.0-py3-none-win_amd64.whl", hash = "sha256:ea95da28cd874c4d9c922b39381cbd69cb7e7b49c21b8152b014bd4f52acddc2", size = 13464628, upload-time = "2025-10-07T18:21:50.318Z" },
    { url = "https://files.pythonhosted.org/packages/c6/2a/65880dfd0e13f7f13a775998f34703674a4554906167dce02daf7865b954/ruff-0.14.0-py3-none-win_arm64.whl", hash = "sha256:f42c9495f5c13ff841b1da4cb3c2a42075409592825dada7c5885c2c844ac730", size = 12565142, upload-time = "2025-10-07T18:21:53.577Z" },
]

[[package]]
name = "sympy"
version = "1.13.1"
source = { registry = "https://pypi.org/simple" }
dependencies = [
    { name = "mpmath" },
]
sdist = { url = "https://files.pythonhosted.org/packages/ca/99/5a5b6f19ff9f083671ddf7b9632028436167cd3d33e11015754e41b249a4/sympy-1.13.1.tar.gz", hash = "sha256:9cebf7e04ff162015ce31c9c6c9144daa34a93bd082f54fd8f12deca4f47515f", size = 7533040, upload-time = "2024-07-19T09:26:51.238Z" }
wheels = [
    { url = "https://files.pythonhosted.org/packages/b2/fe/81695a1aa331a842b582453b605175f419fe8540355886031328089d840a/sympy-1.13.1-py3-none-any.whl", hash = "sha256:db36cdc64bf61b9b24578b6f7bab1ecdd2452cf008f34faa33776680c26d66f8", size = 6189177, upload-time = "2024-07-19T09:26:48.863Z" },
]

[[package]]
name = "tqdm"
version = "4.66.0"
source = { registry = "https://pypi.org/simple" }
dependencies = [
    { name = "colorama", marker = "sys_platform == 'win32'" },
]
sdist = { url = "https://files.pythonhosted.org/packages/f1/fb/6f40278d3b74f1486147aebf828ad081226f4f80b5b31a042386acc76dde/tqdm-4.66.0.tar.gz", hash = "sha256:cc6e7e52202d894e66632c5c8a9330bd0e3ff35d2965c93ca832114a3d865362", size = 169029, upload-time = "2023-08-09T10:45:13.56Z" }
wheels = [
    { url = "https://files.pythonhosted.org/packages/a5/d6/502a859bac4ad5e274255576cd3e15ca273cdb91731bc39fb840dd422ee9/tqdm-4.66.0-py3-none-any.whl", hash = "sha256:39d459c7140b7890174e69d4d68d6291bc774a55b4bc5d93c0b760798ac5a03e", size = 78149, upload-time = "2023-08-09T10:45:10.81Z" },
]

[[package]]
name = "typing-extensions"
version = "4.15.0"
source = { registry = "https://pypi.org/simple" }
sdist = { url = "https://files.pythonhosted.org/packages/72/94/1a15dd82efb362ac84269196e94cf00f187f7ed21c242792a923cdb1c61f/typing_extensions-4.15.0.tar.gz", hash = "sha256:0cea48d173cc12fa28ecabc3b837ea3cf6f38c6d1136f85cbaaf598984861466", size = 109391, upload-time = "2025-08-25T13:49:26.313Z" }
wheels = [
    { url = "https://files.pythonhosted.org/packages/18/67/36e9267722cc04a6b9f15c7f3441c2363321a3ea07da7ae0c0707beb2a9c/typing_extensions-4.15.0-py3-none-any.whl", hash = "sha256:f0fa19c6845758ab08074a0cfa8b7aecb71c999ca73d62883bc25cc018c4e548", size = 44614, upload-time = "2025-08-25T13:49:24.86Z" },
]

[[package]]
name = "tzdata"
version = "2025.2"
source = { registry = "https://pypi.org/simple" }
sdist = { url = "https://files.pythonhosted.org/packages/95/32/1a225d6164441be760d75c2c42e2780dc0873fe382da3e98a2e1e48361e5/tzdata-2025.2.tar.gz", hash = "sha256:b60a638fcc0daffadf82fe0f57e53d06bdec2f36c4df66280ae79bce6bd6f2b9", size = 196380, upload-time = "2025-03-23T13:54:43.652Z" }
wheels = [
    { url = "https://files.pythonhosted.org/packages/5c/23/c7abc0ca0a1526a0774eca151daeb8de62ec457e77262b66b359c3c7679e/tzdata-2025.2-py2.py3-none-any.whl", hash = "sha256:1a403fada01ff9221ca8044d701868fa132215d84beb92242d9acd2147f667a8", size = 347839, upload-time = "2025-03-23T13:54:41.845Z" },
]
